// !$*UTF8*$!
{
	archiveVersion = 1;
	classes = {
	};
	objectVersion = 50;
	objects = {

/* Begin PBXBuildFile section */
		3BDE72CF2210D73E00BA2C99 /* AppDelegate.swift in Sources */ = {isa = PBXBuildFile; fileRef = 3BDE72CE2210D73E00BA2C99 /* AppDelegate.swift */; };
		3BDE72D12210D73E00BA2C99 /* ToDoVC.swift in Sources */ = {isa = PBXBuildFile; fileRef = 3BDE72D02210D73E00BA2C99 /* ToDoVC.swift */; };
		3BDE72D42210D73E00BA2C99 /* Main.storyboard in Resources */ = {isa = PBXBuildFile; fileRef = 3BDE72D22210D73E00BA2C99 /* Main.storyboard */; };
		3BDE72D72210D73E00BA2C99 /* CoreData_190210.xcdatamodeld in Sources */ = {isa = PBXBuildFile; fileRef = 3BDE72D52210D73E00BA2C99 /* CoreData_190210.xcdatamodeld */; };
		3BDE72D92210D73F00BA2C99 /* Assets.xcassets in Resources */ = {isa = PBXBuildFile; fileRef = 3BDE72D82210D73F00BA2C99 /* Assets.xcassets */; };
		3BDE72DC2210D73F00BA2C99 /* LaunchScreen.storyboard in Resources */ = {isa = PBXBuildFile; fileRef = 3BDE72DA2210D73F00BA2C99 /* LaunchScreen.storyboard */; };
		3BDE72E42210D7C400BA2C99 /* DetailVC.swift in Sources */ = {isa = PBXBuildFile; fileRef = 3BDE72E32210D7C400BA2C99 /* DetailVC.swift */; };
/* End PBXBuildFile section */

/* Begin PBXFileReference section */
		3BDE72CB2210D73E00BA2C99 /* CoreData_190210.app */ = {isa = PBXFileReference; explicitFileType = wrapper.application; includeInIndex = 0; path = CoreData_190210.app; sourceTree = BUILT_PRODUCTS_DIR; };
		3BDE72CE2210D73E00BA2C99 /* AppDelegate.swift */ = {isa = PBXFileReference; lastKnownFileType = sourcecode.swift; path = AppDelegate.swift; sourceTree = "<group>"; };
		3BDE72D02210D73E00BA2C99 /* ToDoVC.swift */ = {isa = PBXFileReference; lastKnownFileType = sourcecode.swift; path = ToDoVC.swift; sourceTree = "<group>"; };
		3BDE72D32210D73E00BA2C99 /* Base */ = {isa = PBXFileReference; lastKnownFileType = file.storyboard; name = Base; path = Base.lproj/Main.storyboard; sourceTree = "<group>"; };
		3BDE72D62210D73E00BA2C99 /* CoreData_190210.xcdatamodel */ = {isa = PBXFileReference; lastKnownFileType = wrapper.xcdatamodel; path = CoreData_190210.xcdatamodel; sourceTree = "<group>"; };
		3BDE72D82210D73F00BA2C99 /* Assets.xcassets */ = {isa = PBXFileReference; lastKnownFileType = folder.assetcatalog; path = Assets.xcassets; sourceTree = "<group>"; };
		3BDE72DB2210D73F00BA2C99 /* Base */ = {isa = PBXFileReference; lastKnownFileType = file.storyboard; name = Base; path = Base.lproj/LaunchScreen.storyboard; sourceTree = "<group>"; };
		3BDE72DD2210D73F00BA2C99 /* Info.plist */ = {isa = PBXFileReference; lastKnownFileType = text.plist.xml; path = Info.plist; sourceTree = "<group>"; };
		3BDE72E32210D7C400BA2C99 /* DetailVC.swift */ = {isa = PBXFileReference; lastKnownFileType = sourcecode.swift; path = DetailVC.swift; sourceTree = "<group>"; };
/* End PBXFileReference section */

/* Begin PBXFrameworksBuildPhase section */
		3BDE72C82210D73E00BA2C99 /* Frameworks */ = {
			isa = PBXFrameworksBuildPhase;
			buildActionMask = 2147483647;
			files = (
			);
			runOnlyForDeploymentPostprocessing = 0;
		};
/* End PBXFrameworksBuildPhase section */

/* Begin PBXGroup section */
		3BDE72C22210D73E00BA2C99 = {
			isa = PBXGroup;
			children = (
				3BDE72CD2210D73E00BA2C99 /* CoreData_190210 */,
				3BDE72CC2210D73E00BA2C99 /* Products */,
			);
			sourceTree = "<group>";
		};
		3BDE72CC2210D73E00BA2C99 /* Products */ = {
			isa = PBXGroup;
			children = (
				3BDE72CB2210D73E00BA2C99 /* CoreData_190210.app */,
			);
			name = Products;
			sourceTree = "<group>";
		};
		3BDE72CD2210D73E00BA2C99 /* CoreData_190210 */ = {
			isa = PBXGroup;
			children = (
				3BDE72CE2210D73E00BA2C99 /* AppDelegate.swift */,
				3BDE72D22210D73E00BA2C99 /* Main.storyboard */,
				3BDE72E52210D7CF00BA2C99 /* View Controllers */,
				3BDE72D82210D73F00BA2C99 /* Assets.xcassets */,
				3BDE72DA2210D73F00BA2C99 /* LaunchScreen.storyboard */,
				3BDE72DD2210D73F00BA2C99 /* Info.plist */,
				3BDE72D52210D73E00BA2C99 /* CoreData_190210.xcdatamodeld */,
			);
			path = CoreData_190210;
			sourceTree = "<group>";
		};
		3BDE72E52210D7CF00BA2C99 /* View Controllers */ = {
			isa = PBXGroup;
			children = (
				3BDE72D02210D73E00BA2C99 /* ToDoVC.swift */,
				3BDE72E32210D7C400BA2C99 /* DetailVC.swift */,
			);
			path = "View Controllers";
			sourceTree = "<group>";
		};
/* End PBXGroup section */

/* Begin PBXNativeTarget section */
		3BDE72CA2210D73E00BA2C99 /* CoreData_190210 */ = {
			isa = PBXNativeTarget;
			buildConfigurationList = 3BDE72E02210D73F00BA2C99 /* Build configuration list for PBXNativeTarget "CoreData_190210" */;
			buildPhases = (
				3BDE72C72210D73E00BA2C99 /* Sources */,
				3BDE72C82210D73E00BA2C99 /* Frameworks */,
				3BDE72C92210D73E00BA2C99 /* Resources */,
			);
			buildRules = (
			);
			dependencies = (
			);
			name = CoreData_190210;
			productName = CoreData_190210;
			productReference = 3BDE72CB2210D73E00BA2C99 /* CoreData_190210.app */;
			productType = "com.apple.product-type.application";
		};
/* End PBXNativeTarget section */

/* Begin PBXProject section */
		3BDE72C32210D73E00BA2C99 /* Project object */ = {
			isa = PBXProject;
			attributes = {
				LastSwiftUpdateCheck = 1020;
				LastUpgradeCheck = 1020;
				ORGANIZATIONNAME = "Joachim Vetter";
				TargetAttributes = {
					3BDE72CA2210D73E00BA2C99 = {
						CreatedOnToolsVersion = 10.2;
					};
				};
			};
			buildConfigurationList = 3BDE72C62210D73E00BA2C99 /* Build configuration list for PBXProject "CoreData_190210" */;
			compatibilityVersion = "Xcode 9.3";
			developmentRegion = en;
			hasScannedForEncodings = 0;
			knownRegions = (
				en,
				Base,
			);
			mainGroup = 3BDE72C22210D73E00BA2C99;
			productRefGroup = 3BDE72CC2210D73E00BA2C99 /* Products */;
			projectDirPath = "";
			projectRoot = "";
			targets = (
				3BDE72CA2210D73E00BA2C99 /* CoreData_190210 */,
			);
		};
/* End PBXProject section */

/* Begin PBXResourcesBuildPhase section */
		3BDE72C92210D73E00BA2C99 /* Resources */ = {
			isa = PBXResourcesBuildPhase;
			buildActionMask = 2147483647;
			files = (
				3BDE72DC2210D73F00BA2C99 /* LaunchScreen.storyboard in Resources */,
				3BDE72D92210D73F00BA2C99 /* Assets.xcassets in Resources */,
				3BDE72D42210D73E00BA2C99 /* Main.storyboard in Resources */,
			);
			runOnlyForDeploymentPostprocessing = 0;
		};
/* End PBXResourcesBuildPhase section */

/* Begin PBXSourcesBuildPhase section */
		3BDE72C72210D73E00BA2C99 /* Sources */ = {
			isa = PBXSourcesBuildPhase;
			buildActionMask = 2147483647;
			files = (
				3BDE72D12210D73E00BA2C99 /* ToDoVC.swift in Sources */,
				3BDE72E42210D7C400BA2C99 /* DetailVC.swift in Sources */,
				3BDE72D72210D73E00BA2C99 /* CoreData_190210.xcdatamodeld in Sources */,
				3BDE72CF2210D73E00BA2C99 /* AppDelegate.swift in Sources */,
			);
			runOnlyForDeploymentPostprocessing = 0;
		};
/* End PBXSourcesBuildPhase section */

/* Begin PBXVariantGroup section */
		3BDE72D22210D73E00BA2C99 /* Main.storyboard */ = {
			isa = PBXVariantGroup;
			children = (
				3BDE72D32210D73E00BA2C99 /* Base */,
			);
			name = Main.storyboard;
			sourceTree = "<group>";
		};
		3BDE72DA2210D73F00BA2C99 /* LaunchScreen.storyboard */ = {
			isa = PBXVariantGroup;
			children = (
				3BDE72DB2210D73F00BA2C99 /* Base */,
			);
			name = LaunchScreen.storyboard;
			sourceTree = "<group>";
		};
/* End PBXVariantGroup section */

/* Begin XCBuildConfiguration section */
		3BDE72DE2210D73F00BA2C99 /* Debug */ = {
			isa = XCBuildConfiguration;
			buildSettings = {
				ALWAYS_SEARCH_USER_PATHS = NO;
				CLANG_ANALYZER_NONNULL = YES;
				CLANG_ANALYZER_NUMBER_OBJECT_CONVERSION = YES_AGGRESSIVE;
				CLANG_CXX_LANGUAGE_STANDARD = "gnu++14";
				CLANG_CXX_LIBRARY = "libc++";
				CLANG_ENABLE_MODULES = YES;
				CLANG_ENABLE_OBJC_ARC = YES;
				CLANG_ENABLE_OBJC_WEAK = YES;
				CLANG_WARN_BLOCK_CAPTURE_AUTORELEASING = YES;
				CLANG_WARN_BOOL_CONVERSION = YES;
				CLANG_WARN_COMMA = YES;
				CLANG_WARN_CONSTANT_CONVERSION = YES;
				CLANG_WARN_DEPRECATED_OBJC_IMPLEMENTATIONS = YES;
				CLANG_WARN_DIRECT_OBJC_ISA_USAGE = YES_ERROR;
				CLANG_WARN_DOCUMENTATION_COMMENTS = YES;
				CLANG_WARN_EMPTY_BODY = YES;
				CLANG_WARN_ENUM_CONVERSION = YES;
				CLANG_WARN_INFINITE_RECURSION = YES;
				CLANG_WARN_INT_CONVERSION = YES;
				CLANG_WARN_NON_LITERAL_NULL_CONVERSION = YES;
				CLANG_WARN_OBJC_IMPLICIT_RETAIN_SELF = YES;
				CLANG_WARN_OBJC_LITERAL_CONVERSION = YES;
				CLANG_WARN_OBJC_ROOT_CLASS = YES_ERROR;
				CLANG_WARN_RANGE_LOOP_ANALYSIS = YES;
				CLANG_WARN_STRICT_PROTOTYPES = YES;
				CLANG_WARN_SUSPICIOUS_MOVE = YES;
				CLANG_WARN_UNGUARDED_AVAILABILITY = YES_AGGRESSIVE;
				CLANG_WARN_UNREACHABLE_CODE = YES;
				CLANG_WARN__DUPLICATE_METHOD_MATCH = YES;
				CODE_SIGN_IDENTITY = "iPhone Developer";
				COPY_PHASE_STRIP = NO;
				DEBUG_INFORMATION_FORMAT = dwarf;
				ENABLE_STRICT_OBJC_MSGSEND = YES;
				ENABLE_TESTABILITY = YES;
				GCC_C_LANGUAGE_STANDARD = gnu11;
				GCC_DYNAMIC_NO_PIC = NO;
				GCC_NO_COMMON_BLOCKS = YES;
				GCC_OPTIMIZATION_LEVEL = 0;
				GCC_PREPROCESSOR_DEFINITIONS = (
					"DEBUG=1",
					"$(inherited)",
				);
				GCC_WARN_64_TO_32_BIT_CONVERSION = YES;
				GCC_WARN_ABOUT_RETURN_TYPE = YES_ERROR;
				GCC_WARN_UNDECLARED_SELECTOR = YES;
				GCC_WARN_UNINITIALIZED_AUTOS = YES_AGGRESSIVE;
				GCC_WARN_UNUSED_FUNCTION = YES;
				GCC_WARN_UNUSED_VARIABLE = YES;
				IPHONEOS_DEPLOYMENT_TARGET = 12.2;
				MTL_ENABLE_DEBUG_INFO = INCLUDE_SOURCE;
				MTL_FAST_MATH = YES;
				ONLY_ACTIVE_ARCH = YES;
				SDKROOT = iphoneos;
				SWIFT_ACTIVE_COMPILATION_CONDITIONS = DEBUG;
				SWIFT_OPTIMIZATION_LEVEL = "-Onone";
			};
			name = Debug;
		};
		3BDE72DF2210D73F00BA2C99 /* Release */ = {
			isa = XCBuildConfiguration;
			buildSettings = {
				ALWAYS_SEARCH_USER_PATHS = NO;
				CLANG_ANALYZER_NONNULL = YES;
				CLANG_ANALYZER_NUMBER_OBJECT_CONVERSION = YES_AGGRESSIVE;
				CLANG_CXX_LANGUAGE_STANDARD = "gnu++14";
				CLANG_CXX_LIBRARY = "libc++";
				CLANG_ENABLE_MODULES = YES;
				CLANG_ENABLE_OBJC_ARC = YES;
				CLANG_ENABLE_OBJC_WEAK = YES;
				CLANG_WARN_BLOCK_CAPTURE_AUTORELEASING = YES;
				CLANG_WARN_BOOL_CONVERSION = YES;
				CLANG_WARN_COMMA = YES;
				CLANG_WARN_CONSTANT_CONVERSION = YES;
				CLANG_WARN_DEPRECATED_OBJC_IMPLEMENTATIONS = YES;
				CLANG_WARN_DIRECT_OBJC_ISA_USAGE = YES_ERROR;
				CLANG_WARN_DOCUMENTATION_COMMENTS = YES;
				CLANG_WARN_EMPTY_BODY = YES;
				CLANG_WARN_ENUM_CONVERSION = YES;
				CLANG_WARN_INFINITE_RECURSION = YES;
				CLANG_WARN_INT_CONVERSION = YES;
				CLANG_WARN_NON_LITERAL_NULL_CONVERSION = YES;
				CLANG_WARN_OBJC_IMPLICIT_RETAIN_SELF = YES;
				CLANG_WARN_OBJC_LITERAL_CONVERSION = YES;
				CLANG_WARN_OBJC_ROOT_CLASS = YES_ERROR;
				CLANG_WARN_RANGE_LOOP_ANALYSIS = YES;
				CLANG_WARN_STRICT_PROTOTYPES = YES;
				CLANG_WARN_SUSPICIOUS_MOVE = YES;
				CLANG_WARN_UNGUARDED_AVAILABILITY = YES_AGGRESSIVE;
				CLANG_WARN_UNREACHABLE_CODE = YES;
				CLANG_WARN__DUPLICATE_METHOD_MATCH = YES;
				CODE_SIGN_IDENTITY = "iPhone Developer";
				COPY_PHASE_STRIP = NO;
				DEBUG_INFORMATION_FORMAT = "dwarf-with-dsym";
				ENABLE_NS_ASSERTIONS = NO;
				ENABLE_STRICT_OBJC_MSGSEND = YES;
				GCC_C_LANGUAGE_STANDARD = gnu11;
				GCC_NO_COMMON_BLOCKS = YES;
				GCC_WARN_64_TO_32_BIT_CONVERSION = YES;
				GCC_WARN_ABOUT_RETURN_TYPE = YES_ERROR;
				GCC_WARN_UNDECLARED_SELECTOR = YES;
				GCC_WARN_UNINITIALIZED_AUTOS = YES_AGGRESSIVE;
				GCC_WARN_UNUSED_FUNCTION = YES;
				GCC_WARN_UNUSED_VARIABLE = YES;
				IPHONEOS_DEPLOYMENT_TARGET = 12.2;
				MTL_ENABLE_DEBUG_INFO = NO;
				MTL_FAST_MATH = YES;
				SDKROOT = iphoneos;
				SWIFT_COMPILATION_MODE = wholemodule;
				SWIFT_OPTIMIZATION_LEVEL = "-O";
				VALIDATE_PRODUCT = YES;
			};
			name = Release;
		};
		3BDE72E12210D73F00BA2C99 /* Debug */ = {
			isa = XCBuildConfiguration;
			buildSettings = {
				ASSETCATALOG_COMPILER_APPICON_NAME = AppIcon;
				CODE_SIGN_STYLE = Automatic;
				DEVELOPMENT_TEAM = VP93YUY9BE;
				INFOPLIST_FILE = CoreData_190210/Info.plist;
				LD_RUNPATH_SEARCH_PATHS = (
					"$(inherited)",
					"@executable_path/Frameworks",
				);
				PRODUCT_BUNDLE_IDENTIFIER = "com.myswift4.CoreData-190210";
				PRODUCT_NAME = "$(TARGET_NAME)";
				SWIFT_VERSION = 5.0;
				TARGETED_DEVICE_FAMILY = "1,2";
			};
			name = Debug;
		};
		3BDE72E22210D73F00BA2C99 /* Release */ = {
			isa = XCBuildConfiguration;
			buildSettings = {
				ASSETCATALOG_COMPILER_APPICON_NAME = AppIcon;
				CODE_SIGN_STYLE = Automatic;
				DEVELOPMENT_TEAM = VP93YUY9BE;
				INFOPLIST_FILE = CoreData_190210/Info.plist;
				LD_RUNPATH_SEARCH_PATHS = (
					"$(inherited)",
					"@executable_path/Frameworks",
				);
				PRODUCT_BUNDLE_IDENTIFIER = "com.myswift4.CoreData-190210";
				PRODUCT_NAME = "$(TARGET_NAME)";
				SWIFT_VERSION = 5.0;
				TARGETED_DEVICE_FAMILY = "1,2";
			};
			name = Release;
		};
/* End XCBuildConfiguration section */

/* Begin XCConfigurationList section */
		3BDE72C62210D73E00BA2C99 /* Build configuration list for PBXProject "CoreData_190210" */ = {
			isa = XCConfigurationList;
			buildConfigurations = (
				3BDE72DE2210D73F00BA2C99 /* Debug */,
				3BDE72DF2210D73F00BA2C99 /* Release */,
			);
			defaultConfigurationIsVisible = 0;
			defaultConfigurationName = Release;
		};
		3BDE72E02210D73F00BA2C99 /* Build configuration list for PBXNativeTarget "CoreData_190210" */ = {
			isa = XCConfigurationList;
			buildConfigurations = (
				3BDE72E12210D73F00BA2C99 /* Debug */,
				3BDE72E22210D73F00BA2C99 /* Release */,
			);
			defaultConfigurationIsVisible = 0;
			defaultConfigurationName = Release;
		};
/* End XCConfigurationList section */

/* Begin XCVersionGroup section */
		3BDE72D52210D73E00BA2C99 /* CoreData_190210.xcdatamodeld */ = {
			isa = XCVersionGroup;
			children = (
				3BDE72D62210D73E00BA2C99 /* CoreData_190210.xcdatamodel */,
			);
			currentVersion = 3BDE72D62210D73E00BA2C99 /* CoreData_190210.xcdatamodel */;
			path = CoreData_190210.xcdatamodeld;
			sourceTree = "<group>";
			versionGroupType = wrapper.xcdatamodel;
		};
/* End XCVersionGroup section */
	};
	rootObject = 3BDE72C32210D73E00BA2C99 /* Project object */;
}
